
Microsoft Visual Studio Solution File, Format Version 12.00
# Visual Studio 15
VisualStudioVersion = 15.0.27703.2035
MinimumVisualStudioVersion = 10.0.40219.1
Project("{FAE04EC0-301F-11D3-BF4B-00C04F79EFBC}") = "JeopardyGame_Framework", "JeopardyGame_Framework\JeopardyGame_Framework.csproj", "{C93D7B68-D656-4B11-99EB-9B7B1CA80D29}"
EndProject
Global
	GlobalSection(SolutionConfigurationPlatforms) = preSolution
		Debug|Any CPU = Debug|Any CPU
		Release|Any CPU = Release|Any CPU
	EndGlobalSection
	GlobalSection(ProjectConfigurationPlatforms) = postSolution
		{C93D7B68-D656-4B11-99EB-9B7B1CA80D29}.Debug|Any CPU.ActiveCfg = Debug|Any CPU
		{C93D7B68-D656-4B11-99EB-9B7B1CA80D29}.Debug|Any CPU.Build.0 = Debug|Any CPU
		{C93D7B68-D656-4B11-99EB-9B7B1CA80D29}.Release|Any CPU.ActiveCfg = Release|Any CPU
		{C93D7B68-D656-4B11-99EB-9B7B1CA80D29}.Release|Any CPU.Build.0 = Release|Any CPU
	EndGlobalSection
	GlobalSection(SolutionProperties) = preSolution
		HideSolutionNode = FALSE
	EndGlobalSection
	GlobalSection(ExtensibilityGlobals) = postSolution
		SolutionGuid = {7EBAABFF-3490-47F2-B03F-4C7B7564EF01}
	EndGlobalSection
EndGlobal
